
Microsoft Visual Studio Solution File, Format Version 12.00
# Visual Studio 15
VisualStudioVersion = 15.0.28307.539
MinimumVisualStudioVersion = 10.0.40219.1
Project("{888888A0-9F3D-457C-B088-3A5042F75D52}") = "CVSite2", "CVSite2\CVSite2.pyproj", "{81FB34A4-4994-4728-82F7-359D31254A34}"
EndProject
Global
	GlobalSection(SolutionConfigurationPlatforms) = preSolution
		Debug|Any CPU = Debug|Any CPU
		Release|Any CPU = Release|Any CPU
	EndGlobalSection
	GlobalSection(ProjectConfigurationPlatforms) = postSolution
		{81FB34A4-4994-4728-82F7-359D31254A34}.Debug|Any CPU.ActiveCfg = Debug|Any CPU
		{81FB34A4-4994-4728-82F7-359D31254A34}.Debug|Any CPU.Build.0 = Debug|Any CPU
		{81FB34A4-4994-4728-82F7-359D31254A34}.Release|Any CPU.ActiveCfg = Release|Any CPU
		{81FB34A4-4994-4728-82F7-359D31254A34}.Release|Any CPU.Build.0 = Release|Any CPU
	EndGlobalSection
	GlobalSection(SolutionProperties) = preSolution
		HideSolutionNode = FALSE
	EndGlobalSection
	GlobalSection(ExtensibilityGlobals) = postSolution
		SolutionGuid = {017137EE-6938-4D6D-93EA-C223FEEF04CC}
	EndGlobalSection
EndGlobal
